{
  "name": "qwen-audio-agent-memcode-example",
  "lockfileVersion": 3,
  "requires": true,
  "packages": {
    "": {
      "name": "qwen-audio-agent-memcode-example",
      "dependencies": {
        "memcode-sdk": "^2.4.1"
      }
    },
    "node_modules/memcode-sdk": {
      "version": "2.4.1",
      "resolved": "https://registry.npmjs.org/memcode-sdk/-/memcode-sdk-2.4.1.tgz",
      "integrity": "sha512-sI1yDuBgDPumdnQ10sVssolFn4jjB0i5+rUY0VEzl8iehEybGL0hJSbh6VlOPMlOq+P2KTMc5bZSwmnoSngdHQ==",
      "license": "Apache-2.0",
      "engines": {
        "node": ">=18"
      }
    }
  }
}
